// !$*UTF8*$!
{
	archiveVersion = 1;
	classes = {
	};
	objectVersion = 56;
	objects = {

/* Begin PBXBuildFile section */
		53EED8482BB4CBB100E519F7 /* OpenInWhatappApp.swift in Sources */ = {isa = PBXBuildFile; fileRef = 53EED8472BB4CBB100E519F7 /* OpenInWhatappApp.swift */; };
		53EED84A2BB4CBB100E519F7 /* ContentView.swift in Sources */ = {isa = PBXBuildFile; fileRef = 53EED8492BB4CBB100E519F7 /* ContentView.swift */; };
		53EED84C2BB4CBB100E519F7 /* Item.swift in Sources */ = {isa = PBXBuildFile; fileRef = 53EED84B2BB4CBB100E519F7 /* Item.swift */; };
		53EED84E2BB4CBB200E519F7 /* Assets.xcassets in Resources */ = {isa = PBXBuildFile; fileRef = 53EED84D2BB4CBB200E519F7 /* Assets.xcassets */; };
		53EED8522BB4CBB200E519F7 /* Preview Assets.xcassets in Resources */ = {isa = PBXBuildFile; fileRef = 53EED8512BB4CBB200E519F7 /* Preview Assets.xcassets */; };
		53EED85C2BB4CBB200E519F7 /* OpenInWhatappTests.swift in Sources */ = {isa = PBXBuildFile; fileRef = 53EED85B2BB4CBB200E519F7 /* OpenInWhatappTests.swift */; };
		53EED8662BB4CBB200E519F7 /* OpenInWhatappUITests.swift in Sources */ = {isa = PBXBuildFile; fileRef = 53EED8652BB4CBB200E519F7 /* OpenInWhatappUITests.swift */; };
		53EED8682BB4CBB200E519F7 /* OpenInWhatappUITestsLaunchTests.swift in Sources */ = {isa = PBXBuildFile; fileRef = 53EED8672BB4CBB200E519F7 /* OpenInWhatappUITestsLaunchTests.swift */; };
/* End PBXBuildFile section */

/* Begin PBXContainerItemProxy section */
		53EED8582BB4CBB200E519F7 /* PBXContainerItemProxy */ = {
			isa = PBXContainerItemProxy;
			containerPortal = 53EED83C2BB4CBB000E519F7 /* Project object */;
			proxyType = 1;
			remoteGlobalIDString = 53EED8432BB4CBB100E519F7;
			remoteInfo = OpenInWhatapp;
		};
		53EED8622BB4CBB200E519F7 /* PBXContainerItemProxy */ = {
			isa = PBXContainerItemProxy;
			containerPortal = 53EED83C2BB4CBB000E519F7 /* Project object */;
			proxyType = 1;
			remoteGlobalIDString = 53EED8432BB4CBB100E519F7;
			remoteInfo = OpenInWhatapp;
		};
/* End PBXContainerItemProxy section */

/* Begin PBXFileReference section */
		53EED8442BB4CBB100E519F7 /* OpenInWhatapp.app */ = {isa = PBXFileReference; explicitFileType = wrapper.application; includeInIndex = 0; path = OpenInWhatapp.app; sourceTree = BUILT_PRODUCTS_DIR; };
		53EED8472BB4CBB100E519F7 /* OpenInWhatappApp.swift */ = {isa = PBXFileReference; lastKnownFileType = sourcecode.swift; path = OpenInWhatappApp.swift; sourceTree = "<group>"; };
		53EED8492BB4CBB100E519F7 /* ContentView.swift */ = {isa = PBXFileReference; lastKnownFileType = sourcecode.swift; path = ContentView.swift; sourceTree = "<group>"; };
		53EED84B2BB4CBB100E519F7 /* Item.swift */ = {isa = PBXFileReference; lastKnownFileType = sourcecode.swift; path = Item.swift; sourceTree = "<group>"; };
		53EED84D2BB4CBB200E519F7 /* Assets.xcassets */ = {isa = PBXFileReference; lastKnownFileType = folder.assetcatalog; path = Assets.xcassets; sourceTree = "<group>"; };
		53EED84F2BB4CBB200E519F7 /* OpenInWhatapp.entitlements */ = {isa = PBXFileReference; lastKnownFileType = text.plist.entitlements; path = OpenInWhatapp.entitlements; sourceTree = "<group>"; };
		53EED8512BB4CBB200E519F7 /* Preview Assets.xcassets */ = {isa = PBXFileReference; lastKnownFileType = folder.assetcatalog; path = "Preview Assets.xcassets"; sourceTree = "<group>"; };
		53EED8572BB4CBB200E519F7 /* OpenInWhatappTests.xctest */ = {isa = PBXFileReference; explicitFileType = wrapper.cfbundle; includeInIndex = 0; path = OpenInWhatappTests.xctest; sourceTree = BUILT_PRODUCTS_DIR; };
		53EED85B2BB4CBB200E519F7 /* OpenInWhatappTests.swift */ = {isa = PBXFileReference; lastKnownFileType = sourcecode.swift; path = OpenInWhatappTests.swift; sourceTree = "<group>"; };
		53EED8612BB4CBB200E519F7 /* OpenInWhatappUITests.xctest */ = {isa = PBXFileReference; explicitFileType = wrapper.cfbundle; includeInIndex = 0; path = OpenInWhatappUITests.xctest; sourceTree = BUILT_PRODUCTS_DIR; };
		53EED8652BB4CBB200E519F7 /* OpenInWhatappUITests.swift */ = {isa = PBXFileReference; lastKnownFileType = sourcecode.swift; path = OpenInWhatappUITests.swift; sourceTree = "<group>"; };
		53EED8672BB4CBB200E519F7 /* OpenInWhatappUITestsLaunchTests.swift */ = {isa = PBXFileReference; lastKnownFileType = sourcecode.swift; path = OpenInWhatappUITestsLaunchTests.swift; sourceTree = "<group>"; };
/* End PBXFileReference section */

/* Begin PBXFrameworksBuildPhase section */
		53EED8412BB4CBB100E519F7 /* Frameworks */ = {
			isa = PBXFrameworksBuildPhase;
			buildActionMask = 2147483647;
			files = (
			);
			runOnlyForDeploymentPostprocessing = 0;
		};
		53EED8542BB4CBB200E519F7 /* Frameworks */ = {
			isa = PBXFrameworksBuildPhase;
			buildActionMask = 2147483647;
			files = (
			);
			runOnlyForDeploymentPostprocessing = 0;
		};
		53EED85E2BB4CBB200E519F7 /* Frameworks */ = {
			isa = PBXFrameworksBuildPhase;
			buildActionMask = 2147483647;
			files = (
			);
			runOnlyForDeploymentPostprocessing = 0;
		};
/* End PBXFrameworksBuildPhase section */

/* Begin PBXGroup section */
		53EED83B2BB4CBB000E519F7 = {
			isa = PBXGroup;
			children = (
				53EED8462BB4CBB100E519F7 /* OpenInWhatapp */,
				53EED85A2BB4CBB200E519F7 /* OpenInWhatappTests */,
				53EED8642BB4CBB200E519F7 /* OpenInWhatappUITests */,
				53EED8452BB4CBB100E519F7 /* Products */,
			);
			sourceTree = "<group>";
		};
		53EED8452BB4CBB100E519F7 /* Products */ = {
			isa = PBXGroup;
			children = (
				53EED8442BB4CBB100E519F7 /* OpenInWhatapp.app */,
				53EED8572BB4CBB200E519F7 /* OpenInWhatappTests.xctest */,
				53EED8612BB4CBB200E519F7 /* OpenInWhatappUITests.xctest */,
			);
			name = Products;
			sourceTree = "<group>";
		};
		53EED8462BB4CBB100E519F7 /* OpenInWhatapp */ = {
			isa = PBXGroup;
			children = (
				53EED8472BB4CBB100E519F7 /* OpenInWhatappApp.swift */,
				53EED8492BB4CBB100E519F7 /* ContentView.swift */,
				53EED84B2BB4CBB100E519F7 /* Item.swift */,
				53EED84D2BB4CBB200E519F7 /* Assets.xcassets */,
				53EED84F2BB4CBB200E519F7 /* OpenInWhatapp.entitlements */,
				53EED8502BB4CBB200E519F7 /* Preview Content */,
			);
			path = OpenInWhatapp;
			sourceTree = "<group>";
		};
		53EED8502BB4CBB200E519F7 /* Preview Content */ = {
			isa = PBXGroup;
			children = (
				53EED8512BB4CBB200E519F7 /* Preview Assets.xcassets */,
			);
			path = "Preview Content";
			sourceTree = "<group>";
		};
		53EED85A2BB4CBB200E519F7 /* OpenInWhatappTests */ = {
			isa = PBXGroup;
			children = (
				53EED85B2BB4CBB200E519F7 /* OpenInWhatappTests.swift */,
			);
			path = OpenInWhatappTests;
			sourceTree = "<group>";
		};
		53EED8642BB4CBB200E519F7 /* OpenInWhatappUITests */ = {
			isa = PBXGroup;
			children = (
				53EED8652BB4CBB200E519F7 /* OpenInWhatappUITests.swift */,
				53EED8672BB4CBB200E519F7 /* OpenInWhatappUITestsLaunchTests.swift */,
			);
			path = OpenInWhatappUITests;
			sourceTree = "<group>";
		};
/* End PBXGroup section */

/* Begin PBXNativeTarget section */
		53EED8432BB4CBB100E519F7 /* OpenInWhatapp */ = {
			isa = PBXNativeTarget;
			buildConfigurationList = 53EED86B2BB4CBB200E519F7 /* Build configuration list for PBXNativeTarget "OpenInWhatapp" */;
			buildPhases = (
				53EED8402BB4CBB100E519F7 /* Sources */,
				53EED8412BB4CBB100E519F7 /* Frameworks */,
				53EED8422BB4CBB100E519F7 /* Resources */,
			);
			buildRules = (
			);
			dependencies = (
			);
			name = OpenInWhatapp;
			productName = OpenInWhatapp;
			productReference = 53EED8442BB4CBB100E519F7 /* OpenInWhatapp.app */;
			productType = "com.apple.product-type.application";
		};
		53EED8562BB4CBB200E519F7 /* OpenInWhatappTests */ = {
			isa = PBXNativeTarget;
			buildConfigurationList = 53EED86E2BB4CBB200E519F7 /* Build configuration list for PBXNativeTarget "OpenInWhatappTests" */;
			buildPhases = (
				53EED8532BB4CBB200E519F7 /* Sources */,
				53EED8542BB4CBB200E519F7 /* Frameworks */,
				53EED8552BB4CBB200E519F7 /* Resources */,
			);
			buildRules = (
			);
			dependencies = (
				53EED8592BB4CBB200E519F7 /* PBXTargetDependency */,
			);
			name = OpenInWhatappTests;
			productName = OpenInWhatappTests;
			productReference = 53EED8572BB4CBB200E519F7 /* OpenInWhatappTests.xctest */;
			productType = "com.apple.product-type.bundle.unit-test";
		};
		53EED8602BB4CBB200E519F7 /* OpenInWhatappUITests */ = {
			isa = PBXNativeTarget;
			buildConfigurationList = 53EED8712BB4CBB200E519F7 /* Build configuration list for PBXNativeTarget "OpenInWhatappUITests" */;
			buildPhases = (
				53EED85D2BB4CBB200E519F7 /* Sources */,
				53EED85E2BB4CBB200E519F7 /* Frameworks */,
				53EED85F2BB4CBB200E519F7 /* Resources */,
			);
			buildRules = (
			);
			dependencies = (
				53EED8632BB4CBB200E519F7 /* PBXTargetDependency */,
			);
			name = OpenInWhatappUITests;
			productName = OpenInWhatappUITests;
			productReference = 53EED8612BB4CBB200E519F7 /* OpenInWhatappUITests.xctest */;
			productType = "com.apple.product-type.bundle.ui-testing";
		};
/* End PBXNativeTarget section */

/* Begin PBXProject section */
		53EED83C2BB4CBB000E519F7 /* Project object */ = {
			isa = PBXProject;
			attributes = {
				BuildIndependentTargetsInParallel = 1;
				LastSwiftUpdateCheck = 1520;
				LastUpgradeCheck = 1520;
				TargetAttributes = {
					53EED8432BB4CBB100E519F7 = {
						CreatedOnToolsVersion = 15.2;
					};
					53EED8562BB4CBB200E519F7 = {
						CreatedOnToolsVersion = 15.2;
						TestTargetID = 53EED8432BB4CBB100E519F7;
					};
					53EED8602BB4CBB200E519F7 = {
						CreatedOnToolsVersion = 15.2;
						TestTargetID = 53EED8432BB4CBB100E519F7;
					};
				};
			};
			buildConfigurationList = 53EED83F2BB4CBB000E519F7 /* Build configuration list for PBXProject "OpenInWhatapp" */;
			compatibilityVersion = "Xcode 14.0";
			developmentRegion = en;
			hasScannedForEncodings = 0;
			knownRegions = (
				en,
				Base,
			);
			mainGroup = 53EED83B2BB4CBB000E519F7;
			productRefGroup = 53EED8452BB4CBB100E519F7 /* Products */;
			projectDirPath = "";
			projectRoot = "";
			targets = (
				53EED8432BB4CBB100E519F7 /* OpenInWhatapp */,
				53EED8562BB4CBB200E519F7 /* OpenInWhatappTests */,
				53EED8602BB4CBB200E519F7 /* OpenInWhatappUITests */,
			);
		};
/* End PBXProject section */

/* Begin PBXResourcesBuildPhase section */
		53EED8422BB4CBB100E519F7 /* Resources */ = {
			isa = PBXResourcesBuildPhase;
			buildActionMask = 2147483647;
			files = (
				53EED8522BB4CBB200E519F7 /* Preview Assets.xcassets in Resources */,
				53EED84E2BB4CBB200E519F7 /* Assets.xcassets in Resources */,
			);
			runOnlyForDeploymentPostprocessing = 0;
		};
		53EED8552BB4CBB200E519F7 /* Resources */ = {
			isa = PBXResourcesBuildPhase;
			buildActionMask = 2147483647;
			files = (
			);
			runOnlyForDeploymentPostprocessing = 0;
		};
		53EED85F2BB4CBB200E519F7 /* Resources */ = {
			isa = PBXResourcesBuildPhase;
			buildActionMask = 2147483647;
			files = (
			);
			runOnlyForDeploymentPostprocessing = 0;
		};
/* End PBXResourcesBuildPhase section */

/* Begin PBXSourcesBuildPhase section */
		53EED8402BB4CBB100E519F7 /* Sources */ = {
			isa = PBXSourcesBuildPhase;
			buildActionMask = 2147483647;
			files = (
				53EED84A2BB4CBB100E519F7 /* ContentView.swift in Sources */,
				53EED84C2BB4CBB100E519F7 /* Item.swift in Sources */,
				53EED8482BB4CBB100E519F7 /* OpenInWhatappApp.swift in Sources */,
			);
			runOnlyForDeploymentPostprocessing = 0;
		};
		53EED8532BB4CBB200E519F7 /* Sources */ = {
			isa = PBXSourcesBuildPhase;
			buildActionMask = 2147483647;
			files = (
				53EED85C2BB4CBB200E519F7 /* OpenInWhatappTests.swift in Sources */,
			);
			runOnlyForDeploymentPostprocessing = 0;
		};
		53EED85D2BB4CBB200E519F7 /* Sources */ = {
			isa = PBXSourcesBuildPhase;
			buildActionMask = 2147483647;
			files = (
				53EED8662BB4CBB200E519F7 /* OpenInWhatappUITests.swift in Sources */,
				53EED8682BB4CBB200E519F7 /* OpenInWhatappUITestsLaunchTests.swift in Sources */,
			);
			runOnlyForDeploymentPostprocessing = 0;
		};
/* End PBXSourcesBuildPhase section */

/* Begin PBXTargetDependency section */
		53EED8592BB4CBB200E519F7 /* PBXTargetDependency */ = {
			isa = PBXTargetDependency;
			target = 53EED8432BB4CBB100E519F7 /* OpenInWhatapp */;
			targetProxy = 53EED8582BB4CBB200E519F7 /* PBXContainerItemProxy */;
		};
		53EED8632BB4CBB200E519F7 /* PBXTargetDependency */ = {
			isa = PBXTargetDependency;
			target = 53EED8432BB4CBB100E519F7 /* OpenInWhatapp */;
			targetProxy = 53EED8622BB4CBB200E519F7 /* PBXContainerItemProxy */;
		};
/* End PBXTargetDependency section */

/* Begin XCBuildConfiguration section */
		53EED8692BB4CBB200E519F7 /* Debug */ = {
			isa = XCBuildConfiguration;
			buildSettings = {
				ALWAYS_SEARCH_USER_PATHS = NO;
				ASSETCATALOG_COMPILER_GENERATE_SWIFT_ASSET_SYMBOL_EXTENSIONS = YES;
				CLANG_ANALYZER_NONNULL = YES;
				CLANG_ANALYZER_NUMBER_OBJECT_CONVERSION = YES_AGGRESSIVE;
				CLANG_CXX_LANGUAGE_STANDARD = "gnu++20";
				CLANG_ENABLE_MODULES = YES;
				CLANG_ENABLE_OBJC_ARC = YES;
				CLANG_ENABLE_OBJC_WEAK = YES;
				CLANG_WARN_BLOCK_CAPTURE_AUTORELEASING = YES;
				CLANG_WARN_BOOL_CONVERSION = YES;
				CLANG_WARN_COMMA = YES;
				CLANG_WARN_CONSTANT_CONVERSION = YES;
				CLANG_WARN_DEPRECATED_OBJC_IMPLEMENTATIONS = YES;
				CLANG_WARN_DIRECT_OBJC_ISA_USAGE = YES_ERROR;
				CLANG_WARN_DOCUMENTATION_COMMENTS = YES;
				CLANG_WARN_EMPTY_BODY = YES;
				CLANG_WARN_ENUM_CONVERSION = YES;
				CLANG_WARN_INFINITE_RECURSION = YES;
				CLANG_WARN_INT_CONVERSION = YES;
				CLANG_WARN_NON_LITERAL_NULL_CONVERSION = YES;
				CLANG_WARN_OBJC_IMPLICIT_RETAIN_SELF = YES;
				CLANG_WARN_OBJC_LITERAL_CONVERSION = YES;
				CLANG_WARN_OBJC_ROOT_CLASS = YES_ERROR;
				CLANG_WARN_QUOTED_INCLUDE_IN_FRAMEWORK_HEADER = YES;
				CLANG_WARN_RANGE_LOOP_ANALYSIS = YES;
				CLANG_WARN_STRICT_PROTOTYPES = YES;
				CLANG_WARN_SUSPICIOUS_MOVE = YES;
				CLANG_WARN_UNGUARDED_AVAILABILITY = YES_AGGRESSIVE;
				CLANG_WARN_UNREACHABLE_CODE = YES;
				CLANG_WARN__DUPLICATE_METHOD_MATCH = YES;
				COPY_PHASE_STRIP = NO;
				DEBUG_INFORMATION_FORMAT = dwarf;
				ENABLE_STRICT_OBJC_MSGSEND = YES;
				ENABLE_TESTABILITY = YES;
				ENABLE_USER_SCRIPT_SANDBOXING = YES;
				GCC_C_LANGUAGE_STANDARD = gnu17;
				GCC_DYNAMIC_NO_PIC = NO;
				GCC_NO_COMMON_BLOCKS = YES;
				GCC_OPTIMIZATION_LEVEL = 0;
				GCC_PREPROCESSOR_DEFINITIONS = (
					"DEBUG=1",
					"$(inherited)",
				);
				GCC_WARN_64_TO_32_BIT_CONVERSION = YES;
				GCC_WARN_ABOUT_RETURN_TYPE = YES_ERROR;
				GCC_WARN_UNDECLARED_SELECTOR = YES;
				GCC_WARN_UNINITIALIZED_AUTOS = YES_AGGRESSIVE;
				GCC_WARN_UNUSED_FUNCTION = YES;
				GCC_WARN_UNUSED_VARIABLE = YES;
				LOCALIZATION_PREFERS_STRING_CATALOGS = YES;
				MTL_ENABLE_DEBUG_INFO = INCLUDE_SOURCE;
				MTL_FAST_MATH = YES;
				ONLY_ACTIVE_ARCH = YES;
				SWIFT_ACTIVE_COMPILATION_CONDITIONS = "DEBUG $(inherited)";
				SWIFT_OPTIMIZATION_LEVEL = "-Onone";
			};
			name = Debug;
		};
		53EED86A2BB4CBB200E519F7 /* Release */ = {
			isa = XCBuildConfiguration;
			buildSettings = {
				ALWAYS_SEARCH_USER_PATHS = NO;
				ASSETCATALOG_COMPILER_GENERATE_SWIFT_ASSET_SYMBOL_EXTENSIONS = YES;
				CLANG_ANALYZER_NONNULL = YES;
				CLANG_ANALYZER_NUMBER_OBJECT_CONVERSION = YES_AGGRESSIVE;
				CLANG_CXX_LANGUAGE_STANDARD = "gnu++20";
				CLANG_ENABLE_MODULES = YES;
				CLANG_ENABLE_OBJC_ARC = YES;
				CLANG_ENABLE_OBJC_WEAK = YES;
				CLANG_WARN_BLOCK_CAPTURE_AUTORELEASING = YES;
				CLANG_WARN_BOOL_CONVERSION = YES;
				CLANG_WARN_COMMA = YES;
				CLANG_WARN_CONSTANT_CONVERSION = YES;
				CLANG_WARN_DEPRECATED_OBJC_IMPLEMENTATIONS = YES;
				CLANG_WARN_DIRECT_OBJC_ISA_USAGE = YES_ERROR;
				CLANG_WARN_DOCUMENTATION_COMMENTS = YES;
				CLANG_WARN_EMPTY_BODY = YES;
				CLANG_WARN_ENUM_CONVERSION = YES;
				CLANG_WARN_INFINITE_RECURSION = YES;
				CLANG_WARN_INT_CONVERSION = YES;
				CLANG_WARN_NON_LITERAL_NULL_CONVERSION = YES;
				CLANG_WARN_OBJC_IMPLICIT_RETAIN_SELF = YES;
				CLANG_WARN_OBJC_LITERAL_CONVERSION = YES;
				CLANG_WARN_OBJC_ROOT_CLASS = YES_ERROR;
				CLANG_WARN_QUOTED_INCLUDE_IN_FRAMEWORK_HEADER = YES;
				CLANG_WARN_RANGE_LOOP_ANALYSIS = YES;
				CLANG_WARN_STRICT_PROTOTYPES = YES;
				CLANG_WARN_SUSPICIOUS_MOVE = YES;
				CLANG_WARN_UNGUARDED_AVAILABILITY = YES_AGGRESSIVE;
				CLANG_WARN_UNREACHABLE_CODE = YES;
				CLANG_WARN__DUPLICATE_METHOD_MATCH = YES;
				COPY_PHASE_STRIP = NO;
				DEBUG_INFORMATION_FORMAT = "dwarf-with-dsym";
				ENABLE_NS_ASSERTIONS = NO;
				ENABLE_STRICT_OBJC_MSGSEND = YES;
				ENABLE_USER_SCRIPT_SANDBOXING = YES;
				GCC_C_LANGUAGE_STANDARD = gnu17;
				GCC_NO_COMMON_BLOCKS = YES;
				GCC_WARN_64_TO_32_BIT_CONVERSION = YES;
				GCC_WARN_ABOUT_RETURN_TYPE = YES_ERROR;
				GCC_WARN_UNDECLARED_SELECTOR = YES;
				GCC_WARN_UNINITIALIZED_AUTOS = YES_AGGRESSIVE;
				GCC_WARN_UNUSED_FUNCTION = YES;
				GCC_WARN_UNUSED_VARIABLE = YES;
				LOCALIZATION_PREFERS_STRING_CATALOGS = YES;
				MTL_ENABLE_DEBUG_INFO = NO;
				MTL_FAST_MATH = YES;
				SWIFT_COMPILATION_MODE = wholemodule;
			};
			name = Release;
		};
		53EED86C2BB4CBB200E519F7 /* Debug */ = {
			isa = XCBuildConfiguration;
			buildSettings = {
				ASSETCATALOG_COMPILER_APPICON_NAME = AppIcon;
				ASSETCATALOG_COMPILER_GLOBAL_ACCENT_COLOR_NAME = AccentColor;
				CODE_SIGN_ENTITLEMENTS = OpenInWhatapp/OpenInWhatapp.entitlements;
				CODE_SIGN_STYLE = Automatic;
				CURRENT_PROJECT_VERSION = 1;
				DEVELOPMENT_ASSET_PATHS = "\"OpenInWhatapp/Preview Content\"";
				DEVELOPMENT_TEAM = 596YBRW9CN;
				ENABLE_HARDENED_RUNTIME = YES;
				ENABLE_PREVIEWS = YES;
				GENERATE_INFOPLIST_FILE = YES;
				"INFOPLIST_KEY_UIApplicationSceneManifest_Generation[sdk=iphoneos*]" = YES;
				"INFOPLIST_KEY_UIApplicationSceneManifest_Generation[sdk=iphonesimulator*]" = YES;
				"INFOPLIST_KEY_UIApplicationSupportsIndirectInputEvents[sdk=iphoneos*]" = YES;
				"INFOPLIST_KEY_UIApplicationSupportsIndirectInputEvents[sdk=iphonesimulator*]" = YES;
				"INFOPLIST_KEY_UILaunchScreen_Generation[sdk=iphoneos*]" = YES;
				"INFOPLIST_KEY_UILaunchScreen_Generation[sdk=iphonesimulator*]" = YES;
				"INFOPLIST_KEY_UIStatusBarStyle[sdk=iphoneos*]" = UIStatusBarStyleDefault;
				"INFOPLIST_KEY_UIStatusBarStyle[sdk=iphonesimulator*]" = UIStatusBarStyleDefault;
				INFOPLIST_KEY_UISupportedInterfaceOrientations_iPad = "UIInterfaceOrientationPortrait UIInterfaceOrientationPortraitUpsideDown UIInterfaceOrientationLandscapeLeft UIInterfaceOrientationLandscapeRight";
				INFOPLIST_KEY_UISupportedInterfaceOrientations_iPhone = "UIInterfaceOrientationPortrait UIInterfaceOrientationLandscapeLeft UIInterfaceOrientationLandscapeRight";
				IPHONEOS_DEPLOYMENT_TARGET = 17.2;
				LD_RUNPATH_SEARCH_PATHS = "@executable_path/Frameworks";
				"LD_RUNPATH_SEARCH_PATHS[sdk=macosx*]" = "@executable_path/../Frameworks";
				MACOSX_DEPLOYMENT_TARGET = 14.0;
				MARKETING_VERSION = 1.0;
				PRODUCT_BUNDLE_IDENTIFIER = amitshilo.OpenInWhatapp;
				PRODUCT_NAME = "$(TARGET_NAME)";
				SDKROOT = auto;
				SUPPORTED_PLATFORMS = "iphoneos iphonesimulator macosx";
				SWIFT_EMIT_LOC_STRINGS = YES;
				SWIFT_VERSION = 5.0;
				TARGETED_DEVICE_FAMILY = "1,2";
			};
			name = Debug;
		};
		53EED86D2BB4CBB200E519F7 /* Release */ = {
			isa = XCBuildConfiguration;
			buildSettings = {
				ASSETCATALOG_COMPILER_APPICON_NAME = AppIcon;
				ASSETCATALOG_COMPILER_GLOBAL_ACCENT_COLOR_NAME = AccentColor;
				CODE_SIGN_ENTITLEMENTS = OpenInWhatapp/OpenInWhatapp.entitlements;
				CODE_SIGN_STYLE = Automatic;
				CURRENT_PROJECT_VERSION = 1;
				DEVELOPMENT_ASSET_PATHS = "\"OpenInWhatapp/Preview Content\"";
				DEVELOPMENT_TEAM = 596YBRW9CN;
				ENABLE_HARDENED_RUNTIME = YES;
				ENABLE_PREVIEWS = YES;
				GENERATE_INFOPLIST_FILE = YES;
				"INFOPLIST_KEY_UIApplicationSceneManifest_Generation[sdk=iphoneos*]" = YES;
				"INFOPLIST_KEY_UIApplicationSceneManifest_Generation[sdk=iphonesimulator*]" = YES;
				"INFOPLIST_KEY_UIApplicationSupportsIndirectInputEvents[sdk=iphoneos*]" = YES;
				"INFOPLIST_KEY_UIApplicationSupportsIndirectInputEvents[sdk=iphonesimulator*]" = YES;
				"INFOPLIST_KEY_UILaunchScreen_Generation[sdk=iphoneos*]" = YES;
				"INFOPLIST_KEY_UILaunchScreen_Generation[sdk=iphonesimulator*]" = YES;
				"INFOPLIST_KEY_UIStatusBarStyle[sdk=iphoneos*]" = UIStatusBarStyleDefault;
				"INFOPLIST_KEY_UIStatusBarStyle[sdk=iphonesimulator*]" = UIStatusBarStyleDefault;
				INFOPLIST_KEY_UISupportedInterfaceOrientations_iPad = "UIInterfaceOrientationPortrait UIInterfaceOrientationPortraitUpsideDown UIInterfaceOrientationLandscapeLeft UIInterfaceOrientationLandscapeRight";
				INFOPLIST_KEY_UISupportedInterfaceOrientations_iPhone = "UIInterfaceOrientationPortrait UIInterfaceOrientationLandscapeLeft UIInterfaceOrientationLandscapeRight";
				IPHONEOS_DEPLOYMENT_TARGET = 17.2;
				LD_RUNPATH_SEARCH_PATHS = "@executable_path/Frameworks";
				"LD_RUNPATH_SEARCH_PATHS[sdk=macosx*]" = "@executable_path/../Frameworks";
				MACOSX_DEPLOYMENT_TARGET = 14.0;
				MARKETING_VERSION = 1.0;
				PRODUCT_BUNDLE_IDENTIFIER = amitshilo.OpenInWhatapp;
				PRODUCT_NAME = "$(TARGET_NAME)";
				SDKROOT = auto;
				SUPPORTED_PLATFORMS = "iphoneos iphonesimulator macosx";
				SWIFT_EMIT_LOC_STRINGS = YES;
				SWIFT_VERSION = 5.0;
				TARGETED_DEVICE_FAMILY = "1,2";
			};
			name = Release;
		};
		53EED86F2BB4CBB200E519F7 /* Debug */ = {
			isa = XCBuildConfiguration;
			buildSettings = {
				ALWAYS_EMBED_SWIFT_STANDARD_LIBRARIES = YES;
				BUNDLE_LOADER = "$(TEST_HOST)";
				CODE_SIGN_STYLE = Automatic;
				CURRENT_PROJECT_VERSION = 1;
				DEVELOPMENT_TEAM = 596YBRW9CN;
				GENERATE_INFOPLIST_FILE = YES;
				IPHONEOS_DEPLOYMENT_TARGET = 17.2;
				MACOSX_DEPLOYMENT_TARGET = 14.2;
				MARKETING_VERSION = 1.0;
				PRODUCT_BUNDLE_IDENTIFIER = amitshilo.OpenInWhatappTests;
				PRODUCT_NAME = "$(TARGET_NAME)";
				SDKROOT = auto;
				SUPPORTED_PLATFORMS = "iphoneos iphonesimulator macosx";
				SWIFT_EMIT_LOC_STRINGS = NO;
				SWIFT_VERSION = 5.0;
				TARGETED_DEVICE_FAMILY = "1,2";
				TEST_HOST = "$(BUILT_PRODUCTS_DIR)/OpenInWhatapp.app/$(BUNDLE_EXECUTABLE_FOLDER_PATH)/OpenInWhatapp";
			};
			name = Debug;
		};
		53EED8702BB4CBB200E519F7 /* Release */ = {
			isa = XCBuildConfiguration;
			buildSettings = {
				ALWAYS_EMBED_SWIFT_STANDARD_LIBRARIES = YES;
				BUNDLE_LOADER = "$(TEST_HOST)";
				CODE_SIGN_STYLE = Automatic;
				CURRENT_PROJECT_VERSION = 1;
				DEVELOPMENT_TEAM = 596YBRW9CN;
				GENERATE_INFOPLIST_FILE = YES;
				IPHONEOS_DEPLOYMENT_TARGET = 17.2;
				MACOSX_DEPLOYMENT_TARGET = 14.2;
				MARKETING_VERSION = 1.0;
				PRODUCT_BUNDLE_IDENTIFIER = amitshilo.OpenInWhatappTests;
				PRODUCT_NAME = "$(TARGET_NAME)";
				SDKROOT = auto;
				SUPPORTED_PLATFORMS = "iphoneos iphonesimulator macosx";
				SWIFT_EMIT_LOC_STRINGS = NO;
				SWIFT_VERSION = 5.0;
				TARGETED_DEVICE_FAMILY = "1,2";
				TEST_HOST = "$(BUILT_PRODUCTS_DIR)/OpenInWhatapp.app/$(BUNDLE_EXECUTABLE_FOLDER_PATH)/OpenInWhatapp";
			};
			name = Release;
		};
		53EED8722BB4CBB200E519F7 /* Debug */ = {
			isa = XCBuildConfiguration;
			buildSettings = {
				ALWAYS_EMBED_SWIFT_STANDARD_LIBRARIES = YES;
				CODE_SIGN_STYLE = Automatic;
				CURRENT_PROJECT_VERSION = 1;
				DEVELOPMENT_TEAM = 596YBRW9CN;
				GENERATE_INFOPLIST_FILE = YES;
				IPHONEOS_DEPLOYMENT_TARGET = 17.2;
				MACOSX_DEPLOYMENT_TARGET = 14.2;
				MARKETING_VERSION = 1.0;
				PRODUCT_BUNDLE_IDENTIFIER = amitshilo.OpenInWhatappUITests;
				PRODUCT_NAME = "$(TARGET_NAME)";
				SDKROOT = auto;
				SUPPORTED_PLATFORMS = "iphoneos iphonesimulator macosx";
				SWIFT_EMIT_LOC_STRINGS = NO;
				SWIFT_VERSION = 5.0;
				TARGETED_DEVICE_FAMILY = "1,2";
				TEST_TARGET_NAME = OpenInWhatapp;
			};
			name = Debug;
		};
		53EED8732BB4CBB200E519F7 /* Release */ = {
			isa = XCBuildConfiguration;
			buildSettings = {
				ALWAYS_EMBED_SWIFT_STANDARD_LIBRARIES = YES;
				CODE_SIGN_STYLE = Automatic;
				CURRENT_PROJECT_VERSION = 1;
				DEVELOPMENT_TEAM = 596YBRW9CN;
				GENERATE_INFOPLIST_FILE = YES;
				IPHONEOS_DEPLOYMENT_TARGET = 17.2;
				MACOSX_DEPLOYMENT_TARGET = 14.2;
				MARKETING_VERSION = 1.0;
				PRODUCT_BUNDLE_IDENTIFIER = amitshilo.OpenInWhatappUITests;
				PRODUCT_NAME = "$(TARGET_NAME)";
				SDKROOT = auto;
				SUPPORTED_PLATFORMS = "iphoneos iphonesimulator macosx";
				SWIFT_EMIT_LOC_STRINGS = NO;
				SWIFT_VERSION = 5.0;
				TARGETED_DEVICE_FAMILY = "1,2";
				TEST_TARGET_NAME = OpenInWhatapp;
			};
			name = Release;
		};
/* End XCBuildConfiguration section */

/* Begin XCConfigurationList section */
		53EED83F2BB4CBB000E519F7 /* Build configuration list for PBXProject "OpenInWhatapp" */ = {
			isa = XCConfigurationList;
			buildConfigurations = (
				53EED8692BB4CBB200E519F7 /* Debug */,
				53EED86A2BB4CBB200E519F7 /* Release */,
			);
			defaultConfigurationIsVisible = 0;
			defaultConfigurationName = Release;
		};
		53EED86B2BB4CBB200E519F7 /* Build configuration list for PBXNativeTarget "OpenInWhatapp" */ = {
			isa = XCConfigurationList;
			buildConfigurations = (
				53EED86C2BB4CBB200E519F7 /* Debug */,
				53EED86D2BB4CBB200E519F7 /* Release */,
			);
			defaultConfigurationIsVisible = 0;
			defaultConfigurationName = Release;
		};
		53EED86E2BB4CBB200E519F7 /* Build configuration list for PBXNativeTarget "OpenInWhatappTests" */ = {
			isa = XCConfigurationList;
			buildConfigurations = (
				53EED86F2BB4CBB200E519F7 /* Debug */,
				53EED8702BB4CBB200E519F7 /* Release */,
			);
			defaultConfigurationIsVisible = 0;
			defaultConfigurationName = Release;
		};
		53EED8712BB4CBB200E519F7 /* Build configuration list for PBXNativeTarget "OpenInWhatappUITests" */ = {
			isa = XCConfigurationList;
			buildConfigurations = (
				53EED8722BB4CBB200E519F7 /* Debug */,
				53EED8732BB4CBB200E519F7 /* Release */,
			);
			defaultConfigurationIsVisible = 0;
			defaultConfigurationName = Release;
		};
/* End XCConfigurationList section */
	};
	rootObject = 53EED83C2BB4CBB000E519F7 /* Project object */;
}
